
Microsoft Visual Studio Solution File, Format Version 12.00
# Visual Studio 15
VisualStudioVersion = 15.0.27428.2037
MinimumVisualStudioVersion = 10.0.40219.1
Project("{D954291E-2A0B-460D-934E-DC6B0785DB48}") = "HolisticWare.Core.Math.Samples", "HolisticWare.Core.Math.Samples\HolisticWare.Core.Math.Samples.shproj", "{98411F49-CA5E-41C7-81E2-26C9ADFF255D}"
EndProject
Global
	GlobalSection(SharedMSBuildProjectFiles) = preSolution
		HolisticWare.Core.Math.Samples\HolisticWare.Core.Math.Samples.projitems*{98411f49-ca5e-41c7-81e2-26c9adff255d}*SharedItemsImports = 13
	EndGlobalSection
	GlobalSection(SolutionProperties) = preSolution
		HideSolutionNode = FALSE
	EndGlobalSection
	GlobalSection(ExtensibilityGlobals) = postSolution
		SolutionGuid = {1C1050BB-FA82-4A11-A657-2CFEF4057B3A}
	EndGlobalSection
EndGlobal
